{
  "version": "4",
  "redirects": {
    "https://esm.sh/@supabase/functions-js@^2.0.0?target=denonext": "https://esm.sh/@supabase/functions-js@2.4.4?target=denonext",
    "https://esm.sh/@supabase/gotrue-js@^2.0.1?target=denonext": "https://esm.sh/@supabase/gotrue-js@2.68.0?target=denonext",
    "https://esm.sh/@supabase/node-fetch@^2.6.14?target=denonext": "https://esm.sh/@supabase/node-fetch@2.6.15?target=denonext",
    "https://esm.sh/@supabase/postgrest-js@^1.0.0?target=denonext": "https://esm.sh/@supabase/postgrest-js@1.18.1?target=denonext",
    "https://esm.sh/@supabase/realtime-js@^2.0.0?target=denonext": "https://esm.sh/@supabase/realtime-js@2.11.3?target=denonext",
    "https://esm.sh/@supabase/storage-js@^2.0.0?target=denonext": "https://esm.sh/@supabase/storage-js@2.7.1?target=denonext",
    "https://esm.sh/@types/ws@~8.5.13/index.d.mts": "https://esm.sh/@types/ws@8.5.14/index.d.mts",
    "https://esm.sh/bufferutil@^4.0.1?target=denonext": "https://esm.sh/bufferutil@4.0.9?target=denonext",
    "https://esm.sh/node-gyp-build@^4.3.0?target=denonext": "https://esm.sh/node-gyp-build@4.8.4?target=denonext",
    "https://esm.sh/tr46@~0.0.3?target=denonext": "https://esm.sh/tr46@0.0.3?target=denonext",
    "https://esm.sh/utf-8-validate@%3E=5.0.2?target=denonext": "https://esm.sh/utf-8-validate@6.0.5?target=denonext",
    "https://esm.sh/webidl-conversions@^3.0.0?target=denonext": "https://esm.sh/webidl-conversions@3.0.1?target=denonext",
    "https://esm.sh/whatwg-url@^5.0.0?target=denonext": "https://esm.sh/whatwg-url@5.0.0?target=denonext",
    "https://esm.sh/ws@^8.18.0?target=denonext": "https://esm.sh/ws@8.18.0?target=denonext"
  },
  "remote": {
    "https://cdn.jsdelivr.net/npm/@supabase/auth-js@2.67.3/+esm": "2c7e6bd073d91928a5a64730d5487f7023c4c10da687aab7ece8f1f2fb6ed1da",
    "https://cdn.jsdelivr.net/npm/@supabase/functions-js@2.4.4/+esm": "7d8d445b2394bf91f7072d7f5c2699eabece714cee1a12b645701577200eb4d7",
    "https://cdn.jsdelivr.net/npm/@supabase/node-fetch@2.6.15/+esm": "e3de9f04020b7b25a573827cf34f92e298074fb99396e83e96460b317bead433",
    "https://cdn.jsdelivr.net/npm/@supabase/postgrest-js@1.18.1/+esm": "a7283fd0803cf83bde5fd1625dfb6c4d7ccc38490a6174eab0b3a204b218fe37",
    "https://cdn.jsdelivr.net/npm/@supabase/realtime-js@2.11.2/+esm": "de17dac31073d7aefb51fb6c3ec3e3ba5508bd202833987f9200c8383f2ecfe3",
    "https://cdn.jsdelivr.net/npm/@supabase/storage-js@2.7.1/+esm": "22774cc11cef80fe3de18aab7e9f46b60ccae65c4489be6327cfbb2f23f46191",
    "https://cdn.jsdelivr.net/npm/@supabase/supabase-js/+esm": "80fe393add233fd78a16a07fe861b58278cad99d20afa4e208fcfc75c2b07234",
    "https://cdn.jsdelivr.net/npm/ws@8.18.0/+esm": "9490fdd7aaa958a831a1e7aef994cb538552beabdfe888de58f572f400908adb",
    "https://deno.land/std@0.170.0/async/abortable.ts": "80b2ac399f142cc528f95a037a7d0e653296352d95c681e284533765961de409",
    "https://deno.land/std@0.170.0/async/deadline.ts": "2c2deb53c7c28ca1dda7a3ad81e70508b1ebc25db52559de6b8636c9278fd41f",
    "https://deno.land/std@0.170.0/async/debounce.ts": "60301ffb37e730cd2d6f9dadfd0ecb2a38857681bd7aaf6b0a106b06e5210a98",
    "https://deno.land/std@0.170.0/async/deferred.ts": "77d3f84255c3627f1cc88699d8472b664d7635990d5358c4351623e098e917d6",
    "https://deno.land/std@0.170.0/async/delay.ts": "5a9bfba8de38840308a7a33786a0155a7f6c1f7a859558ddcec5fe06e16daf57",
    "https://deno.land/std@0.170.0/async/mod.ts": "7809ad4bb223e40f5fdc043e5c7ca04e0e25eed35c32c3c32e28697c553fa6d9",
    "https://deno.land/std@0.170.0/async/mux_async_iterator.ts": "770a0ff26c59f8bbbda6b703a2235f04e379f73238e8d66a087edc68c2a2c35f",
    "https://deno.land/std@0.170.0/async/pool.ts": "6854d8cd675a74c73391c82005cbbe4cc58183bddcd1fbbd7c2bcda42b61cf69",
    "https://deno.land/std@0.170.0/async/retry.ts": "e8e5173623915bbc0ddc537698fa418cf875456c347eda1ed453528645b42e67",
    "https://deno.land/std@0.170.0/async/tee.ts": "3a47cc4e9a940904fd4341f0224907e199121c80b831faa5ec2b054c6d2eff5e",
    "https://deno.land/std@0.170.0/http/server.ts": "1b93c76cd415d7b6ad0ae36c17ccb9149b23f4dff018f7d5aa1ab5c36637eb45",
    "https://esm.sh/@supabase/functions-js@2.4.4/denonext/functions-js.mjs": "7adeb257410ef3c4a8a1eb9b4ff416c0075d1c32860ca04913c8a9dace1de6a6",
    "https://esm.sh/@supabase/functions-js@2.4.4?target=denonext": "e2476c61b8afb50cd0987ff03900f48daa646706d6bad319c347e38870b9e72b",
    "https://esm.sh/@supabase/gotrue-js@2.68.0/denonext/gotrue-js.mjs": "dac979833c2982eb59bbc1ddd1c156bab98ec5edcade563888a48532bb4c7b9a",
    "https://esm.sh/@supabase/gotrue-js@2.68.0?target=denonext": "fe6fd72b371668f353fb32b58d2beb2de724da56b9ff0c0daa48a95bcab3949c",
    "https://esm.sh/@supabase/node-fetch@2.6.15/denonext/node-fetch.mjs": "0bae9052231f4f6dbccc7234d05ea96923dbf967be12f402764580b6bf9f713d",
    "https://esm.sh/@supabase/node-fetch@2.6.15?target=denonext": "4d28c4ad97328403184353f68434f2b6973971507919e9150297413664919cf3",
    "https://esm.sh/@supabase/postgrest-js@1.18.1/denonext/postgrest-js.mjs": "a67bfa3dc67f82d574539665c5122685e59708018397ca4f4cb261332b3363fa",
    "https://esm.sh/@supabase/postgrest-js@1.18.1?target=denonext": "1e14a362166b53017e3ffeaa5c82f363750bc3f3f9572aff7f518cb6dada80ee",
    "https://esm.sh/@supabase/realtime-js@2.11.3/denonext/realtime-js.mjs": "41136804bb97bb5e5b30575fe3db87dd2580eae82cc87b9b93df626c0856c63e",
    "https://esm.sh/@supabase/realtime-js@2.11.3?target=denonext": "a66d1db3823a6e44eccddb6b529ca199380e13a8b0246b130495ea097bbf984c",
    "https://esm.sh/@supabase/storage-js@2.7.1/denonext/storage-js.mjs": "73ac8cdc95cfcd794fe603dbd7ce06d539ab51538ae6467eabe0f9cc26c993aa",
    "https://esm.sh/@supabase/storage-js@2.7.1?target=denonext": "be9c38ac884f143a046f9fdecdf98bbeeb2dbe1ba06469a9fa991b42bfbe7d46",
    "https://esm.sh/@supabase/supabase-js@2.0.0": "9ad3ba5c16116566aed94f54eee127c1a6d25749372d4e078443b60c083a46c0",
    "https://esm.sh/@supabase/supabase-js@2.0.0/denonext/supabase-js.mjs": "78bbf2a9dc406c71e2ec5d81c0d464b53724d5b9f405f7b2dcc1de69ea4842e1",
    "https://esm.sh/bufferutil@4.0.9/denonext/bufferutil.mjs": "13dca4d5bb2c68cbe119f880fa3bd785b9a81a8e02e0834dae604b4b85295cd8",
    "https://esm.sh/bufferutil@4.0.9?target=denonext": "e32574569ab438facfcc3f412c659b0719bbf05477136ca176938c9a3ac45125",
    "https://esm.sh/node-gyp-build@4.8.4/denonext/node-gyp-build.mjs": "9a86f2d044fc77bd60aaa3d697c2ba1b818da5fb1b9aaeedec59a40b8e908803",
    "https://esm.sh/node-gyp-build@4.8.4?target=denonext": "261a6cedf1fdbf159798141ba1e2311ac1510682c5c8b55dacc8cf5fdee4aa06",
    "https://esm.sh/tr46@0.0.3/denonext/tr46.mjs": "5753ec0a99414f4055f0c1f97691100f13d88e48a8443b00aebb90a512785fa2",
    "https://esm.sh/tr46@0.0.3?target=denonext": "19cb9be0f0d418a0c3abb81f2df31f080e9540a04e43b0f699bce1149cba0cbb",
    "https://esm.sh/utf-8-validate@6.0.5/denonext/utf-8-validate.mjs": "66b8ea532a0c745068f5b96ddb1bae332c3036703243541d2e89e66331974d98",
    "https://esm.sh/utf-8-validate@6.0.5?target=denonext": "071bc33ba1a58297e23a34d69dd589fd06df04b0f373b382ff5da544a623f271",
    "https://esm.sh/webidl-conversions@3.0.1/denonext/webidl-conversions.mjs": "54b5c2d50a294853c4ccebf9d5ed8988c94f4e24e463d84ec859a866ea5fafec",
    "https://esm.sh/webidl-conversions@3.0.1?target=denonext": "4e20318d50528084616c79d7b3f6e7f0fe7b6d09013bd01b3974d7448d767e29",
    "https://esm.sh/whatwg-url@5.0.0/denonext/whatwg-url.mjs": "29b16d74ee72624c915745bbd25b617cfd2248c6af0f5120d131e232a9a9af79",
    "https://esm.sh/whatwg-url@5.0.0?target=denonext": "f001a2cadf81312d214ca330033f474e74d81a003e21e8c5d70a1f46dc97b02d",
    "https://esm.sh/ws@8.18.0/denonext/ws.mjs": "8dc628278869d8802a2740beaa6f122b2e159d05d85746cdd647a3d3ffdd3e19",
    "https://esm.sh/ws@8.18.0?target=denonext": "6c20bf923e7287b70e706eb731195e073f7693a9c89d050aceb7cc51804865d4"
  },
  "workspace": {
    "packageJson": {
      "dependencies": [
        "npm:@eslint/js@^9.9.1",
        "npm:@supabase/supabase-js@^2.39.7",
        "npm:@types/react-dom@^18.3.0",
        "npm:@types/react@^18.3.5",
        "npm:@vitejs/plugin-react@^4.3.1",
        "npm:autoprefixer@^10.4.18",
        "npm:eslint-plugin-react-hooks@^5.1.0-rc.0",
        "npm:eslint-plugin-react-refresh@~0.4.11",
        "npm:eslint@^9.9.1",
        "npm:globals@^15.9.0",
        "npm:lucide-react@0.344",
        "npm:postcss@^8.4.35",
        "npm:react-dom@^18.3.1",
        "npm:react-router-dom@^6.22.1",
        "npm:react@^18.3.1",
        "npm:tailwindcss@^3.4.1",
        "npm:typescript-eslint@^8.3.0",
        "npm:typescript@^5.5.3",
        "npm:vite@^5.4.2"
      ]
    }
  }
}
